
Microsoft Visual Studio Solution File, Format Version 12.00
# Visual Studio Version 17
VisualStudioVersion = 17.8.34309.116
MinimumVisualStudioVersion = 10.0.40219.1
Project("{8BC9CEB8-8B4A-11D0-8D11-00A0C91BC942}") = "Axodox.Graphics.Test", "Axodox.Graphics.Test\Axodox.Graphics.Test.vcxproj", "{8E862168-F430-4A67-B9D4-E3D04F59E033}"
EndProject
Project("{8BC9CEB8-8B4A-11D0-8D11-00A0C91BC942}") = "Axodox.Graphics.Shared", "Axodox.Graphics.Shared\Axodox.Graphics.Shared.vcxitems", "{01E40AB5-C2C7-4D85-A486-ABA043E6488A}"
EndProject
Project("{8BC9CEB8-8B4A-11D0-8D11-00A0C91BC942}") = "Axodox.Graphics.Desktop", "Axodox.Graphics.Desktop\Axodox.Graphics.Desktop.vcxproj", "{28109BC6-0715-4A75-A589-4CF6F00A8894}"
EndProject
Project("{8BC9CEB8-8B4A-11D0-8D11-00A0C91BC942}") = "Axodox.Common.Shared", "C:\dev\axodox-common\Axodox.Common.Shared\Axodox.Common.Shared.vcxitems", "{E13522B3-7530-4CBE-B5D3-CCE94136E40F}"
EndProject
Project("{8BC9CEB8-8B4A-11D0-8D11-00A0C91BC942}") = "Axodox.Common.Desktop", "C:\dev\axodox-common\Axodox.Common.Desktop\Axodox.Common.Desktop.vcxproj", "{1F553636-9920-4D85-B8AB-812AC321C3C4}"
EndProject
Global
	GlobalSection(SolutionConfigurationPlatforms) = preSolution
		Debug|x64 = Debug|x64
		Release|x64 = Release|x64
	EndGlobalSection
	GlobalSection(ProjectConfigurationPlatforms) = postSolution
		{8E862168-F430-4A67-B9D4-E3D04F59E033}.Debug|x64.ActiveCfg = Debug|x64
		{8E862168-F430-4A67-B9D4-E3D04F59E033}.Debug|x64.Build.0 = Debug|x64
		{8E862168-F430-4A67-B9D4-E3D04F59E033}.Debug|x64.Deploy.0 = Debug|x64
		{8E862168-F430-4A67-B9D4-E3D04F59E033}.Release|x64.ActiveCfg = Release|x64
		{8E862168-F430-4A67-B9D4-E3D04F59E033}.Release|x64.Build.0 = Release|x64
		{8E862168-F430-4A67-B9D4-E3D04F59E033}.Release|x64.Deploy.0 = Release|x64
		{28109BC6-0715-4A75-A589-4CF6F00A8894}.Debug|x64.ActiveCfg = Debug|x64
		{28109BC6-0715-4A75-A589-4CF6F00A8894}.Debug|x64.Build.0 = Debug|x64
		{28109BC6-0715-4A75-A589-4CF6F00A8894}.Release|x64.ActiveCfg = Release|x64
		{28109BC6-0715-4A75-A589-4CF6F00A8894}.Release|x64.Build.0 = Release|x64
		{1F553636-9920-4D85-B8AB-812AC321C3C4}.Debug|x64.ActiveCfg = Debug|x64
		{1F553636-9920-4D85-B8AB-812AC321C3C4}.Debug|x64.Build.0 = Debug|x64
		{1F553636-9920-4D85-B8AB-812AC321C3C4}.Release|x64.ActiveCfg = Release|x64
		{1F553636-9920-4D85-B8AB-812AC321C3C4}.Release|x64.Build.0 = Release|x64
	EndGlobalSection
	GlobalSection(SolutionProperties) = preSolution
		HideSolutionNode = FALSE
	EndGlobalSection
	GlobalSection(ExtensibilityGlobals) = postSolution
		SolutionGuid = {25E3E17C-542D-4C1D-851B-C177E05412B3}
	EndGlobalSection
	GlobalSection(SharedMSBuildProjectFiles) = preSolution
		Axodox.Graphics.Shared\Axodox.Graphics.Shared.vcxitems*{01e40ab5-c2c7-4d85-a486-aba043e6488a}*SharedItemsImports = 9
		C:\dev\axodox-common\Axodox.Common.Shared\Axodox.Common.Shared.vcxitems*{1f553636-9920-4d85-b8ab-812ac321c3c4}*SharedItemsImports = 4
		Axodox.Graphics.Shared\Axodox.Graphics.Shared.vcxitems*{28109bc6-0715-4a75-a589-4cf6f00a8894}*SharedItemsImports = 4
		Axodox.Graphics.Shared\Axodox.Graphics.Shared.vcxitems*{8e862168-f430-4a67-b9d4-e3d04f59e033}*SharedItemsImports = 4
		C:\dev\axodox-common\Axodox.Common.Shared\Axodox.Common.Shared.vcxitems*{e13522b3-7530-4cbe-b5d3-cce94136e40f}*SharedItemsImports = 9
	EndGlobalSection
EndGlobal
