
Microsoft Visual Studio Solution File, Format Version 12.00
# Visual Studio Version 17
VisualStudioVersion = 17.8.34309.116
MinimumVisualStudioVersion = 10.0.40219.1
Project("{8BC9CEB8-8B4A-11D0-8D11-00A0C91BC942}") = "Axodox.Graphics.Test", "Axodox.Graphics.Test\Axodox.Graphics.Test.vcxproj", "{8E862168-F430-4A67-B9D4-E3D04F59E033}"
EndProject
Project("{8BC9CEB8-8B4A-11D0-8D11-00A0C91BC942}") = "Axodox.Graphics.Shared", "Axodox.Graphics.Shared\Axodox.Graphics.Shared.vcxitems", "{01E40AB5-C2C7-4D85-A486-ABA043E6488A}"
EndProject
Project("{8BC9CEB8-8B4A-11D0-8D11-00A0C91BC942}") = "Axodox.Graphics.Desktop", "Axodox.Graphics.Desktop\Axodox.Graphics.Desktop.vcxproj", "{28109BC6-0715-4A75-A589-4CF6F00A8894}"
EndProject
Project("{8BC9CEB8-8B4A-11D0-8D11-00A0C91BC942}") = "Axodox.Graphics.Universal", "Axodox.Graphics.Universal\Axodox.Graphics.Universal.vcxproj", "{2E8DB87F-DAFA-433B-95A6-A1B5CEAB7B2A}"
EndProject
Global
	GlobalSection(SolutionConfigurationPlatforms) = preSolution
		Debug|x64 = Debug|x64
		Release|x64 = Release|x64
	EndGlobalSection
	GlobalSection(ProjectConfigurationPlatforms) = postSolution
		{8E862168-F430-4A67-B9D4-E3D04F59E033}.Debug|x64.ActiveCfg = Debug|x64
		{8E862168-F430-4A67-B9D4-E3D04F59E033}.Debug|x64.Build.0 = Debug|x64
		{8E862168-F430-4A67-B9D4-E3D04F59E033}.Debug|x64.Deploy.0 = Debug|x64
		{8E862168-F430-4A67-B9D4-E3D04F59E033}.Release|x64.ActiveCfg = Release|x64
		{8E862168-F430-4A67-B9D4-E3D04F59E033}.Release|x64.Build.0 = Release|x64
		{8E862168-F430-4A67-B9D4-E3D04F59E033}.Release|x64.Deploy.0 = Release|x64
		{28109BC6-0715-4A75-A589-4CF6F00A8894}.Debug|x64.ActiveCfg = Debug|x64
		{28109BC6-0715-4A75-A589-4CF6F00A8894}.Debug|x64.Build.0 = Debug|x64
		{28109BC6-0715-4A75-A589-4CF6F00A8894}.Release|x64.ActiveCfg = Release|x64
		{28109BC6-0715-4A75-A589-4CF6F00A8894}.Release|x64.Build.0 = Release|x64
		{2E8DB87F-DAFA-433B-95A6-A1B5CEAB7B2A}.Debug|x64.ActiveCfg = Debug|x64
		{2E8DB87F-DAFA-433B-95A6-A1B5CEAB7B2A}.Debug|x64.Build.0 = Debug|x64
		{2E8DB87F-DAFA-433B-95A6-A1B5CEAB7B2A}.Release|x64.ActiveCfg = Release|x64
		{2E8DB87F-DAFA-433B-95A6-A1B5CEAB7B2A}.Release|x64.Build.0 = Release|x64
	EndGlobalSection
	GlobalSection(SolutionProperties) = preSolution
		HideSolutionNode = FALSE
	EndGlobalSection
	GlobalSection(ExtensibilityGlobals) = postSolution
		SolutionGuid = {25E3E17C-542D-4C1D-851B-C177E05412B3}
	EndGlobalSection
	GlobalSection(SharedMSBuildProjectFiles) = preSolution
		Axodox.Graphics.Shared\Axodox.Graphics.Shared.vcxitems*{01e40ab5-c2c7-4d85-a486-aba043e6488a}*SharedItemsImports = 9
		Axodox.Graphics.Shared\Axodox.Graphics.Shared.vcxitems*{28109bc6-0715-4a75-a589-4cf6f00a8894}*SharedItemsImports = 4
		Axodox.Graphics.Shared\Axodox.Graphics.Shared.vcxitems*{2e8db87f-dafa-433b-95a6-a1b5ceab7b2a}*SharedItemsImports = 4
	EndGlobalSection
EndGlobal
